{
  "nodes": {
    "nixpkgs": {
      "locked": {
        "lastModified": 1694767346,
        "narHash": "sha256-5uH27SiVFUwsTsqC5rs3kS7pBoNhtoy9QfTP9BmknGk=",
        "owner": "NixOS",
        "repo": "nixpkgs",
        "rev": "ace5093e36ab1e95cb9463863491bee90d5a4183",
        "type": "github"
      },
      "original": {
        "owner": "NixOS",
        "ref": "nixos-unstable",
        "repo": "nixpkgs",
        "type": "github"
      }
    },
    "root": {
      "inputs": {
        "nixpkgs": "nixpkgs",
        "ruleset": "ruleset"
      }
    },
    "ruleset": {
      "flake": false,
      "locked": {
        "lastModified": 1695026567,
        "narHash": "sha256-2PvqpW+Ih8u6bhSCPbXzzhEZwiuoPbzpA5HBtZyMB6Y=",
        "ref": "refs/heads/main",
        "rev": "742017894fdd365f322d9d9ec17a4279743c43cd",
        "revCount": 103,
        "type": "git",
        "url": "ssh://git@github.com/Epitech/banana-coding-style-checker.git"
      },
      "original": {
        "type": "git",
        "url": "ssh://git@github.com/Epitech/banana-coding-style-checker.git"
      }
    }
  },
  "root": "root",
  "version": 7
}
