{
  "nodes": {
    "nixpkgs": {
      "locked": {
        "lastModified": 1697723726,
        "narHash": "sha256-SaTWPkI8a5xSHX/rrKzUe+/uVNy6zCGMXgoeMb7T9rg=",
        "owner": "NixOS",
        "repo": "nixpkgs",
        "rev": "7c9cc5a6e5d38010801741ac830a3f8fd667a7a0",
        "type": "github"
      },
      "original": {
        "owner": "NixOS",
        "ref": "nixos-unstable",
        "repo": "nixpkgs",
        "type": "github"
      }
    },
    "root": {
      "inputs": {
        "nixpkgs": "nixpkgs",
        "ruleset": "ruleset"
      }
    },
    "ruleset": {
      "flake": false,
      "locked": {
        "lastModified": 1697105679,
        "narHash": "sha256-aGsBfid0BJ10x/C0sdjoVEtg8jNZoFqAe8CUoYA4OG4=",
        "ref": "refs/heads/main",
        "rev": "15b206efa52b66218fc4f0205d3a2914651ee0ac",
        "revCount": 119,
        "type": "git",
        "url": "ssh://git@github.com/Epitech/banana-coding-style-checker.git"
      },
      "original": {
        "type": "git",
        "url": "ssh://git@github.com/Epitech/banana-coding-style-checker.git"
      }
    }
  },
  "root": "root",
  "version": 7
}
