{
  "nodes": {
    "nixpkgs": {
      "locked": {
        "lastModified": 1701436327,
        "narHash": "sha256-tRHbnoNI8SIM5O5xuxOmtSLnswEByzmnQcGGyNRjxsE=",
        "owner": "NixOS",
        "repo": "nixpkgs",
        "rev": "91050ea1e57e50388fa87a3302ba12d188ef723a",
        "type": "github"
      },
      "original": {
        "owner": "NixOS",
        "ref": "nixos-unstable",
        "repo": "nixpkgs",
        "type": "github"
      }
    },
    "root": {
      "inputs": {
        "nixpkgs": "nixpkgs",
        "ruleset": "ruleset"
      }
    },
    "ruleset": {
      "flake": false,
      "locked": {
        "lastModified": 1701860057,
        "narHash": "sha256-isfR9ztGRO1294OKb3MQj3RlaC80LJc9nNnL2Mbp8qc=",
        "ref": "refs/heads/main",
        "rev": "9384e22bee928b6b308d47d28f081754557ec455",
        "revCount": 146,
        "type": "git",
        "url": "ssh://git@github.com/Epitech/banana-coding-style-checker.git"
      },
      "original": {
        "type": "git",
        "url": "ssh://git@github.com/Epitech/banana-coding-style-checker.git"
      }
    }
  },
  "root": "root",
  "version": 7
}
